
Microsoft Visual Studio Solution File, Format Version 12.00
# Visual Studio Version 17
VisualStudioVersion = 17.3.32819.101
MinimumVisualStudioVersion = 10.0.40219.1
Project("{FAE04EC0-301F-11D3-BF4B-00C04F79EFBC}") = "hemsidegenerator", "hemsidegenerator\hemsidegenerator.csproj", "{68EBEB39-F7D5-406B-9CEA-39E7B09FD391}"
EndProject
Global
	GlobalSection(SolutionConfigurationPlatforms) = preSolution
		Debug|Any CPU = Debug|Any CPU
		Release|Any CPU = Release|Any CPU
	EndGlobalSection
	GlobalSection(ProjectConfigurationPlatforms) = postSolution
		{68EBEB39-F7D5-406B-9CEA-39E7B09FD391}.Debug|Any CPU.ActiveCfg = Debug|Any CPU
		{68EBEB39-F7D5-406B-9CEA-39E7B09FD391}.Debug|Any CPU.Build.0 = Debug|Any CPU
		{68EBEB39-F7D5-406B-9CEA-39E7B09FD391}.Release|Any CPU.ActiveCfg = Release|Any CPU
		{68EBEB39-F7D5-406B-9CEA-39E7B09FD391}.Release|Any CPU.Build.0 = Release|Any CPU
	EndGlobalSection
	GlobalSection(SolutionProperties) = preSolution
		HideSolutionNode = FALSE
	EndGlobalSection
	GlobalSection(ExtensibilityGlobals) = postSolution
		SolutionGuid = {94AAB4BC-5986-4DAB-8B10-845112594873}
	EndGlobalSection
EndGlobal
